
Microsoft Visual Studio Solution File, Format Version 12.00
# Visual Studio 15
VisualStudioVersion = 15.0.27130.2036
MinimumVisualStudioVersion = 10.0.40219.1
Project("{8BC9CEB8-8B4A-11D0-8D11-00A0C91BC942}") = "Assignment0", "Assignment0\Assignment0.vcxproj", "{88656A7C-3FA1-4344-AC8A-1CB1184090E6}"
EndProject
Project("{8BC9CEB8-8B4A-11D0-8D11-00A0C91BC942}") = "Assignment1.02", "Assignment1.01\Assignment1.01.vcxproj", "{02A90B79-7A69-45CF-A5B0-F014E743DF3A}"
EndProject
Project("{8BC9CEB8-8B4A-11D0-8D11-00A0C91BC942}") = "Assignment1.01", "Assignment1.02\Assignment1.02.vcxproj", "{A9DE59E2-EC88-441D-B641-25B769A6FDF5}"
EndProject
Project("{8BC9CEB8-8B4A-11D0-8D11-00A0C91BC942}") = "Assignment1.03", "Assignment1.03\Assignment1.03.vcxproj", "{539940B6-82C6-4A41-A23C-E164082DA249}"
EndProject
Project("{8BC9CEB8-8B4A-11D0-8D11-00A0C91BC942}") = "Assignment1.04", "Assignment1.04\Assignment1.04.vcxproj", "{F5AE8986-6B4B-4839-909F-EFB0A4096426}"
EndProject
Project("{8BC9CEB8-8B4A-11D0-8D11-00A0C91BC942}") = "Assignment1.05", "Assignment1.05\Assignment1.05.vcxproj", "{AA5B473D-F0D8-49EF-A613-B854059C18B9}"
EndProject
Project("{8BC9CEB8-8B4A-11D0-8D11-00A0C91BC942}") = "Assingment1.06", "Assingment1.06\Assingment1.06.vcxproj", "{B22801EF-205F-4D4B-BDB3-777CF2EE3B59}"
EndProject
Global
	GlobalSection(SolutionConfigurationPlatforms) = preSolution
		Debug|ARM = Debug|ARM
		Debug|x64 = Debug|x64
		Debug|x86 = Debug|x86
		Release|ARM = Release|ARM
		Release|x64 = Release|x64
		Release|x86 = Release|x86
	EndGlobalSection
	GlobalSection(ProjectConfigurationPlatforms) = postSolution
		{88656A7C-3FA1-4344-AC8A-1CB1184090E6}.Debug|ARM.ActiveCfg = Debug|ARM
		{88656A7C-3FA1-4344-AC8A-1CB1184090E6}.Debug|ARM.Build.0 = Debug|ARM
		{88656A7C-3FA1-4344-AC8A-1CB1184090E6}.Debug|x64.ActiveCfg = Debug|x64
		{88656A7C-3FA1-4344-AC8A-1CB1184090E6}.Debug|x64.Build.0 = Debug|x64
		{88656A7C-3FA1-4344-AC8A-1CB1184090E6}.Debug|x86.ActiveCfg = Debug|x86
		{88656A7C-3FA1-4344-AC8A-1CB1184090E6}.Debug|x86.Build.0 = Debug|x86
		{88656A7C-3FA1-4344-AC8A-1CB1184090E6}.Release|ARM.ActiveCfg = Release|ARM
		{88656A7C-3FA1-4344-AC8A-1CB1184090E6}.Release|ARM.Build.0 = Release|ARM
		{88656A7C-3FA1-4344-AC8A-1CB1184090E6}.Release|x64.ActiveCfg = Release|x64
		{88656A7C-3FA1-4344-AC8A-1CB1184090E6}.Release|x64.Build.0 = Release|x64
		{88656A7C-3FA1-4344-AC8A-1CB1184090E6}.Release|x86.ActiveCfg = Release|x86
		{88656A7C-3FA1-4344-AC8A-1CB1184090E6}.Release|x86.Build.0 = Release|x86
		{02A90B79-7A69-45CF-A5B0-F014E743DF3A}.Debug|ARM.ActiveCfg = Debug|ARM
		{02A90B79-7A69-45CF-A5B0-F014E743DF3A}.Debug|ARM.Build.0 = Debug|ARM
		{02A90B79-7A69-45CF-A5B0-F014E743DF3A}.Debug|x64.ActiveCfg = Debug|x64
		{02A90B79-7A69-45CF-A5B0-F014E743DF3A}.Debug|x64.Build.0 = Debug|x64
		{02A90B79-7A69-45CF-A5B0-F014E743DF3A}.Debug|x86.ActiveCfg = Debug|x86
		{02A90B79-7A69-45CF-A5B0-F014E743DF3A}.Debug|x86.Build.0 = Debug|x86
		{02A90B79-7A69-45CF-A5B0-F014E743DF3A}.Release|ARM.ActiveCfg = Release|ARM
		{02A90B79-7A69-45CF-A5B0-F014E743DF3A}.Release|ARM.Build.0 = Release|ARM
		{02A90B79-7A69-45CF-A5B0-F014E743DF3A}.Release|x64.ActiveCfg = Release|x64
		{02A90B79-7A69-45CF-A5B0-F014E743DF3A}.Release|x64.Build.0 = Release|x64
		{02A90B79-7A69-45CF-A5B0-F014E743DF3A}.Release|x86.ActiveCfg = Release|x86
		{02A90B79-7A69-45CF-A5B0-F014E743DF3A}.Release|x86.Build.0 = Release|x86
		{A9DE59E2-EC88-441D-B641-25B769A6FDF5}.Debug|ARM.ActiveCfg = Debug|ARM
		{A9DE59E2-EC88-441D-B641-25B769A6FDF5}.Debug|ARM.Build.0 = Debug|ARM
		{A9DE59E2-EC88-441D-B641-25B769A6FDF5}.Debug|x64.ActiveCfg = Debug|x64
		{A9DE59E2-EC88-441D-B641-25B769A6FDF5}.Debug|x64.Build.0 = Debug|x64
		{A9DE59E2-EC88-441D-B641-25B769A6FDF5}.Debug|x86.ActiveCfg = Debug|x86
		{A9DE59E2-EC88-441D-B641-25B769A6FDF5}.Debug|x86.Build.0 = Debug|x86
		{A9DE59E2-EC88-441D-B641-25B769A6FDF5}.Release|ARM.ActiveCfg = Release|ARM
		{A9DE59E2-EC88-441D-B641-25B769A6FDF5}.Release|ARM.Build.0 = Release|ARM
		{A9DE59E2-EC88-441D-B641-25B769A6FDF5}.Release|x64.ActiveCfg = Release|x64
		{A9DE59E2-EC88-441D-B641-25B769A6FDF5}.Release|x64.Build.0 = Release|x64
		{A9DE59E2-EC88-441D-B641-25B769A6FDF5}.Release|x86.ActiveCfg = Release|x86
		{A9DE59E2-EC88-441D-B641-25B769A6FDF5}.Release|x86.Build.0 = Release|x86
		{539940B6-82C6-4A41-A23C-E164082DA249}.Debug|ARM.ActiveCfg = Debug|ARM
		{539940B6-82C6-4A41-A23C-E164082DA249}.Debug|ARM.Build.0 = Debug|ARM
		{539940B6-82C6-4A41-A23C-E164082DA249}.Debug|x64.ActiveCfg = Debug|x64
		{539940B6-82C6-4A41-A23C-E164082DA249}.Debug|x64.Build.0 = Debug|x64
		{539940B6-82C6-4A41-A23C-E164082DA249}.Debug|x86.ActiveCfg = Debug|x86
		{539940B6-82C6-4A41-A23C-E164082DA249}.Debug|x86.Build.0 = Debug|x86
		{539940B6-82C6-4A41-A23C-E164082DA249}.Release|ARM.ActiveCfg = Release|ARM
		{539940B6-82C6-4A41-A23C-E164082DA249}.Release|ARM.Build.0 = Release|ARM
		{539940B6-82C6-4A41-A23C-E164082DA249}.Release|x64.ActiveCfg = Release|x64
		{539940B6-82C6-4A41-A23C-E164082DA249}.Release|x64.Build.0 = Release|x64
		{539940B6-82C6-4A41-A23C-E164082DA249}.Release|x86.ActiveCfg = Release|x86
		{539940B6-82C6-4A41-A23C-E164082DA249}.Release|x86.Build.0 = Release|x86
		{F5AE8986-6B4B-4839-909F-EFB0A4096426}.Debug|ARM.ActiveCfg = Debug|ARM
		{F5AE8986-6B4B-4839-909F-EFB0A4096426}.Debug|ARM.Build.0 = Debug|ARM
		{F5AE8986-6B4B-4839-909F-EFB0A4096426}.Debug|x64.ActiveCfg = Debug|x64
		{F5AE8986-6B4B-4839-909F-EFB0A4096426}.Debug|x64.Build.0 = Debug|x64
		{F5AE8986-6B4B-4839-909F-EFB0A4096426}.Debug|x86.ActiveCfg = Debug|x86
		{F5AE8986-6B4B-4839-909F-EFB0A4096426}.Debug|x86.Build.0 = Debug|x86
		{F5AE8986-6B4B-4839-909F-EFB0A4096426}.Release|ARM.ActiveCfg = Release|ARM
		{F5AE8986-6B4B-4839-909F-EFB0A4096426}.Release|ARM.Build.0 = Release|ARM
		{F5AE8986-6B4B-4839-909F-EFB0A4096426}.Release|x64.ActiveCfg = Release|x64
		{F5AE8986-6B4B-4839-909F-EFB0A4096426}.Release|x64.Build.0 = Release|x64
		{F5AE8986-6B4B-4839-909F-EFB0A4096426}.Release|x86.ActiveCfg = Release|x86
		{F5AE8986-6B4B-4839-909F-EFB0A4096426}.Release|x86.Build.0 = Release|x86
		{AA5B473D-F0D8-49EF-A613-B854059C18B9}.Debug|ARM.ActiveCfg = Debug|ARM
		{AA5B473D-F0D8-49EF-A613-B854059C18B9}.Debug|ARM.Build.0 = Debug|ARM
		{AA5B473D-F0D8-49EF-A613-B854059C18B9}.Debug|x64.ActiveCfg = Debug|x64
		{AA5B473D-F0D8-49EF-A613-B854059C18B9}.Debug|x64.Build.0 = Debug|x64
		{AA5B473D-F0D8-49EF-A613-B854059C18B9}.Debug|x86.ActiveCfg = Debug|x86
		{AA5B473D-F0D8-49EF-A613-B854059C18B9}.Debug|x86.Build.0 = Debug|x86
		{AA5B473D-F0D8-49EF-A613-B854059C18B9}.Release|ARM.ActiveCfg = Release|ARM
		{AA5B473D-F0D8-49EF-A613-B854059C18B9}.Release|ARM.Build.0 = Release|ARM
		{AA5B473D-F0D8-49EF-A613-B854059C18B9}.Release|x64.ActiveCfg = Release|x64
		{AA5B473D-F0D8-49EF-A613-B854059C18B9}.Release|x64.Build.0 = Release|x64
		{AA5B473D-F0D8-49EF-A613-B854059C18B9}.Release|x86.ActiveCfg = Release|x86
		{AA5B473D-F0D8-49EF-A613-B854059C18B9}.Release|x86.Build.0 = Release|x86
		{B22801EF-205F-4D4B-BDB3-777CF2EE3B59}.Debug|ARM.ActiveCfg = Debug|ARM
		{B22801EF-205F-4D4B-BDB3-777CF2EE3B59}.Debug|ARM.Build.0 = Debug|ARM
		{B22801EF-205F-4D4B-BDB3-777CF2EE3B59}.Debug|x64.ActiveCfg = Debug|x64
		{B22801EF-205F-4D4B-BDB3-777CF2EE3B59}.Debug|x64.Build.0 = Debug|x64
		{B22801EF-205F-4D4B-BDB3-777CF2EE3B59}.Debug|x86.ActiveCfg = Debug|x86
		{B22801EF-205F-4D4B-BDB3-777CF2EE3B59}.Debug|x86.Build.0 = Debug|x86
		{B22801EF-205F-4D4B-BDB3-777CF2EE3B59}.Release|ARM.ActiveCfg = Release|ARM
		{B22801EF-205F-4D4B-BDB3-777CF2EE3B59}.Release|ARM.Build.0 = Release|ARM
		{B22801EF-205F-4D4B-BDB3-777CF2EE3B59}.Release|x64.ActiveCfg = Release|x64
		{B22801EF-205F-4D4B-BDB3-777CF2EE3B59}.Release|x64.Build.0 = Release|x64
		{B22801EF-205F-4D4B-BDB3-777CF2EE3B59}.Release|x86.ActiveCfg = Release|x86
		{B22801EF-205F-4D4B-BDB3-777CF2EE3B59}.Release|x86.Build.0 = Release|x86
	EndGlobalSection
	GlobalSection(SolutionProperties) = preSolution
		HideSolutionNode = FALSE
	EndGlobalSection
	GlobalSection(ExtensibilityGlobals) = postSolution
		SolutionGuid = {A8D6CD3F-1D38-466A-8A94-37D60ADF0ECE}
	EndGlobalSection
EndGlobal
